
Microsoft Visual Studio Solution File, Format Version 12.00
# Visual Studio Version 17
VisualStudioVersion = 17.1.32407.343
MinimumVisualStudioVersion = 10.0.40219.1
Project("{FAE04EC0-301F-11D3-BF4B-00C04F79EFBC}") = "Vue3", "Vue3\Vue3.csproj", "{7B2BEB52-BE7A-42E4-A339-27BDC1030696}"
EndProject
Global
	GlobalSection(SolutionConfigurationPlatforms) = preSolution
		Debug|Any CPU = Debug|Any CPU
		Release|Any CPU = Release|Any CPU
	EndGlobalSection
	GlobalSection(ProjectConfigurationPlatforms) = postSolution
		{7B2BEB52-BE7A-42E4-A339-27BDC1030696}.Debug|Any CPU.ActiveCfg = Debug|Any CPU
		{7B2BEB52-BE7A-42E4-A339-27BDC1030696}.Debug|Any CPU.Build.0 = Debug|Any CPU
		{7B2BEB52-BE7A-42E4-A339-27BDC1030696}.Release|Any CPU.ActiveCfg = Release|Any CPU
		{7B2BEB52-BE7A-42E4-A339-27BDC1030696}.Release|Any CPU.Build.0 = Release|Any CPU
	EndGlobalSection
	GlobalSection(SolutionProperties) = preSolution
		HideSolutionNode = FALSE
	EndGlobalSection
	GlobalSection(ExtensibilityGlobals) = postSolution
		SolutionGuid = {C60F3EBC-096A-4B22-B050-6AF1E97BDBB5}
	EndGlobalSection
EndGlobal
